# This file is automatically @generated by Poetry 1.5.1 and should not be changed by hand.

[[package]]
name = "coloredlogs"
version = "15.0.1"
description = "Colored terminal output for Python's logging module"
optional = false
python-versions = ">=2.7, !=3.0.*, !=3.1.*, !=3.2.*, !=3.3.*, !=3.4.*"
files = [
    {file = "coloredlogs-15.0.1-py2.py3-none-any.whl", hash = "sha256:612ee75c546f53e92e70049c9dbfcc18c935a2b9a53b66085ce9ef6a6e5c0934"},
    {file = "coloredlogs-15.0.1.tar.gz", hash = "sha256:7c991aa71a4577af2f82600d8f8f3a89f936baeaf9b50a9c197da014e5bf16b0"},
]

[package.dependencies]
humanfriendly = ">=9.1"

[package.extras]
cron = ["capturer (>=2.4)"]

[[package]]
name = "humanfriendly"
version = "10.0"
description = "Human friendly output for text interfaces using Python"
optional = false
python-versions = ">=2.7, !=3.0.*, !=3.1.*, !=3.2.*, !=3.3.*, !=3.4.*"
files = [
    {file = "humanfriendly-10.0-py2.py3-none-any.whl", hash = "sha256:1697e1a8a8f550fd43c2865cd84542fc175a61dcb779b6fee18cf6b6ccba1477"},
    {file = "humanfriendly-10.0.tar.gz", hash = "sha256:6b0b831ce8f15f7300721aa49829fc4e83921a9a301cc7f606be6686a2288ddc"},
]

[package.dependencies]
pyreadline3 = {version = "*", markers = "sys_platform == \"win32\" and python_version >= \"3.8\""}

[[package]]
name = "ifaddr"
version = "0.2.0"
description = "Cross-platform network interface and IP address enumeration library"
optional = false
python-versions = "*"
files = [
    {file = "ifaddr-0.2.0-py3-none-any.whl", hash = "sha256:085e0305cfe6f16ab12d72e2024030f5d52674afad6911bb1eee207177b8a748"},
    {file = "ifaddr-0.2.0.tar.gz", hash = "sha256:cc0cbfcaabf765d44595825fb96a99bb12c79716b73b44330ea38ee2b0c4aed4"},
]

[[package]]
name = "jsons"
version = "1.6.3"
description = "For serializing Python objects to JSON (dicts) and back"
optional = false
python-versions = ">=3.5"
files = [
    {file = "jsons-1.6.3-py3-none-any.whl", hash = "sha256:f07f8919316f72a3843c7ca6cc6c900513089f10092626934d1bfe4b5cf15401"},
    {file = "jsons-1.6.3.tar.gz", hash = "sha256:cd5815c7c6790ae11c70ad9978e0aa850d0d08a643a5105cc604eac8b29a30d7"},
]

[package.dependencies]
typish = ">=1.9.2"

[package.extras]
test = ["attrs", "codecov", "coverage", "dataclasses", "pytest", "scons", "tzdata"]

[[package]]
name = "pyreadline3"
version = "3.4.1"
description = "A python implementation of GNU readline."
optional = false
python-versions = "*"
files = [
    {file = "pyreadline3-3.4.1-py3-none-any.whl", hash = "sha256:b0efb6516fd4fb07b45949053826a62fa4cb353db5be2bbb4a7aa1fdd1e345fb"},
    {file = "pyreadline3-3.4.1.tar.gz", hash = "sha256:6f3d1f7b8a31ba32b73917cefc1f28cc660562f39aea8646d30bd6eff21f7bae"},
]

[[package]]
name = "python-dotenv"
version = "1.0.0"
description = "Read key-value pairs from a .env file and set them as environment variables"
optional = false
python-versions = ">=3.8"
files = [
    {file = "python-dotenv-1.0.0.tar.gz", hash = "sha256:a8df96034aae6d2d50a4ebe8216326c61c3eb64836776504fcca410e5937a3ba"},
    {file = "python_dotenv-1.0.0-py3-none-any.whl", hash = "sha256:f5971a9226b701070a4bf2c38c89e5a3f0d64de8debda981d1db98583009122a"},
]

[package.extras]
cli = ["click (>=5.0)"]

[[package]]
name = "typish"
version = "1.9.3"
description = "Functionality for types"
optional = false
python-versions = "*"
files = [
    {file = "typish-1.9.3-py3-none-any.whl", hash = "sha256:03cfee5e6eb856dbf90244e18f4e4c41044c8790d5779f4e775f63f982e2f896"},
]

[package.extras]
test = ["codecov", "coverage", "mypy", "nptyping (>=1.3.0)", "numpy", "pycodestyle", "pylint", "pytest"]

[[package]]
name = "websockets"
version = "11.0.3"
description = "An implementation of the WebSocket Protocol (RFC 6455 & 7692)"
optional = false
python-versions = ">=3.7"
files = [
    {file = "websockets-11.0.3-cp310-cp310-macosx_10_9_universal2.whl", hash = "sha256:3ccc8a0c387629aec40f2fc9fdcb4b9d5431954f934da3eaf16cdc94f67dbfac"},
    {file = "websockets-11.0.3-cp310-cp310-macosx_10_9_x86_64.whl", hash = "sha256:d67ac60a307f760c6e65dad586f556dde58e683fab03323221a4e530ead6f74d"},
    {file = "websockets-11.0.3-cp310-cp310-macosx_11_0_arm64.whl", hash = "sha256:84d27a4832cc1a0ee07cdcf2b0629a8a72db73f4cf6de6f0904f6661227f256f"},
    {file = "websockets-11.0.3-cp310-cp310-manylinux_2_17_aarch64.manylinux2014_aarch64.whl", hash = "sha256:ffd7dcaf744f25f82190856bc26ed81721508fc5cbf2a330751e135ff1283564"},
    {file = "websockets-11.0.3-cp310-cp310-manylinux_2_5_i686.manylinux1_i686.manylinux_2_17_i686.manylinux2014_i686.whl", hash = "sha256:7622a89d696fc87af8e8d280d9b421db5133ef5b29d3f7a1ce9f1a7bf7fcfa11"},
    {file = "websockets-11.0.3-cp310-cp310-manylinux_2_5_x86_64.manylinux1_x86_64.manylinux_2_17_x86_64.manylinux2014_x86_64.whl", hash = "sha256:bceab846bac555aff6427d060f2fcfff71042dba6f5fca7dc4f75cac815e57ca"},
    {file = "websockets-11.0.3-cp310-cp310-musllinux_1_1_aarch64.whl", hash = "sha256:54c6e5b3d3a8936a4ab6870d46bdd6ec500ad62bde9e44462c32d18f1e9a8e54"},
    {file = "websockets-11.0.3-cp310-cp310-musllinux_1_1_i686.whl", hash = "sha256:41f696ba95cd92dc047e46b41b26dd24518384749ed0d99bea0a941ca87404c4"},
    {file = "websockets-11.0.3-cp310-cp310-musllinux_1_1_x86_64.whl", hash = "sha256:86d2a77fd490ae3ff6fae1c6ceaecad063d3cc2320b44377efdde79880e11526"},
    {file = "websockets-11.0.3-cp310-cp310-win32.whl", hash = "sha256:2d903ad4419f5b472de90cd2d40384573b25da71e33519a67797de17ef849b69"},
    {file = "websockets-11.0.3-cp310-cp310-win_amd64.whl", hash = "sha256:1d2256283fa4b7f4c7d7d3e84dc2ece74d341bce57d5b9bf385df109c2a1a82f"},
    {file = "websockets-11.0.3-cp311-cp311-macosx_10_9_universal2.whl", hash = "sha256:e848f46a58b9fcf3d06061d17be388caf70ea5b8cc3466251963c8345e13f7eb"},
    {file = "websockets-11.0.3-cp311-cp311-macosx_10_9_x86_64.whl", hash = "sha256:aa5003845cdd21ac0dc6c9bf661c5beddd01116f6eb9eb3c8e272353d45b3288"},
    {file = "websockets-11.0.3-cp311-cp311-macosx_11_0_arm64.whl", hash = "sha256:b58cbf0697721120866820b89f93659abc31c1e876bf20d0b3d03cef14faf84d"},
    {file = "websockets-11.0.3-cp311-cp311-manylinux_2_17_aarch64.manylinux2014_aarch64.whl", hash = "sha256:660e2d9068d2bedc0912af508f30bbeb505bbbf9774d98def45f68278cea20d3"},
    {file = "websockets-11.0.3-cp311-cp311-manylinux_2_5_i686.manylinux1_i686.manylinux_2_17_i686.manylinux2014_i686.whl", hash = "sha256:c1f0524f203e3bd35149f12157438f406eff2e4fb30f71221c8a5eceb3617b6b"},
    {file = "websockets-11.0.3-cp311-cp311-manylinux_2_5_x86_64.manylinux1_x86_64.manylinux_2_17_x86_64.manylinux2014_x86_64.whl", hash = "sha256:def07915168ac8f7853812cc593c71185a16216e9e4fa886358a17ed0fd9fcf6"},
    {file = "websockets-11.0.3-cp311-cp311-musllinux_1_1_aarch64.whl", hash = "sha256:b30c6590146e53149f04e85a6e4fcae068df4289e31e4aee1fdf56a0dead8f97"},
    {file = "websockets-11.0.3-cp311-cp311-musllinux_1_1_i686.whl", hash = "sha256:619d9f06372b3a42bc29d0cd0354c9bb9fb39c2cbc1a9c5025b4538738dbffaf"},
    {file = "websockets-11.0.3-cp311-cp311-musllinux_1_1_x86_64.whl", hash = "sha256:01f5567d9cf6f502d655151645d4e8b72b453413d3819d2b6f1185abc23e82dd"},
    {file = "websockets-11.0.3-cp311-cp311-win32.whl", hash = "sha256:e1459677e5d12be8bbc7584c35b992eea142911a6236a3278b9b5ce3326f282c"},
    {file = "websockets-11.0.3-cp311-cp311-win_amd64.whl", hash = "sha256:e7837cb169eca3b3ae94cc5787c4fed99eef74c0ab9506756eea335e0d6f3ed8"},
    {file = "websockets-11.0.3-cp37-cp37m-macosx_10_9_x86_64.whl", hash = "sha256:9f59a3c656fef341a99e3d63189852be7084c0e54b75734cde571182c087b152"},
    {file = "websockets-11.0.3-cp37-cp37m-manylinux_2_17_aarch64.manylinux2014_aarch64.whl", hash = "sha256:2529338a6ff0eb0b50c7be33dc3d0e456381157a31eefc561771ee431134a97f"},
    {file = "websockets-11.0.3-cp37-cp37m-manylinux_2_5_i686.manylinux1_i686.manylinux_2_17_i686.manylinux2014_i686.whl", hash = "sha256:34fd59a4ac42dff6d4681d8843217137f6bc85ed29722f2f7222bd619d15e95b"},
    {file = "websockets-11.0.3-cp37-cp37m-manylinux_2_5_x86_64.manylinux1_x86_64.manylinux_2_17_x86_64.manylinux2014_x86_64.whl", hash = "sha256:332d126167ddddec94597c2365537baf9ff62dfcc9db4266f263d455f2f031cb"},
    {file = "websockets-11.0.3-cp37-cp37m-musllinux_1_1_aarch64.whl", hash = "sha256:6505c1b31274723ccaf5f515c1824a4ad2f0d191cec942666b3d0f3aa4cb4007"},
    {file = "websockets-11.0.3-cp37-cp37m-musllinux_1_1_i686.whl", hash = "sha256:f467ba0050b7de85016b43f5a22b46383ef004c4f672148a8abf32bc999a87f0"},
    {file = "websockets-11.0.3-cp37-cp37m-musllinux_1_1_x86_64.whl", hash = "sha256:9d9acd80072abcc98bd2c86c3c9cd4ac2347b5a5a0cae7ed5c0ee5675f86d9af"},
    {file = "websockets-11.0.3-cp37-cp37m-win32.whl", hash = "sha256:e590228200fcfc7e9109509e4d9125eace2042fd52b595dd22bbc34bb282307f"},
    {file = "websockets-11.0.3-cp37-cp37m-win_amd64.whl", hash = "sha256:b16fff62b45eccb9c7abb18e60e7e446998093cdcb50fed33134b9b6878836de"},
    {file = "websockets-11.0.3-cp38-cp38-macosx_10_9_universal2.whl", hash = "sha256:fb06eea71a00a7af0ae6aefbb932fb8a7df3cb390cc217d51a9ad7343de1b8d0"},
    {file = "websockets-11.0.3-cp38-cp38-macosx_10_9_x86_64.whl", hash = "sha256:8a34e13a62a59c871064dfd8ffb150867e54291e46d4a7cf11d02c94a5275bae"},
    {file = "websockets-11.0.3-cp38-cp38-macosx_11_0_arm64.whl", hash = "sha256:4841ed00f1026dfbced6fca7d963c4e7043aa832648671b5138008dc5a8f6d99"},
    {file = "websockets-11.0.3-cp38-cp38-manylinux_2_17_aarch64.manylinux2014_aarch64.whl", hash = "sha256:1a073fc9ab1c8aff37c99f11f1641e16da517770e31a37265d2755282a5d28aa"},
    {file = "websockets-11.0.3-cp38-cp38-manylinux_2_5_i686.manylinux1_i686.manylinux_2_17_i686.manylinux2014_i686.whl", hash = "sha256:68b977f21ce443d6d378dbd5ca38621755f2063d6fdb3335bda981d552cfff86"},
    {file = "websockets-11.0.3-cp38-cp38-manylinux_2_5_x86_64.manylinux1_x86_64.manylinux_2_17_x86_64.manylinux2014_x86_64.whl", hash = "sha256:e1a99a7a71631f0efe727c10edfba09ea6bee4166a6f9c19aafb6c0b5917d09c"},
    {file = "websockets-11.0.3-cp38-cp38-musllinux_1_1_aarch64.whl", hash = "sha256:bee9fcb41db2a23bed96c6b6ead6489702c12334ea20a297aa095ce6d31370d0"},
    {file = "websockets-11.0.3-cp38-cp38-musllinux_1_1_i686.whl", hash = "sha256:4b253869ea05a5a073ebfdcb5cb3b0266a57c3764cf6fe114e4cd90f4bfa5f5e"},
    {file = "websockets-11.0.3-cp38-cp38-musllinux_1_1_x86_64.whl", hash = "sha256:1553cb82942b2a74dd9b15a018dce645d4e68674de2ca31ff13ebc2d9f283788"},
    {file = "websockets-11.0.3-cp38-cp38-win32.whl", hash = "sha256:f61bdb1df43dc9c131791fbc2355535f9024b9a04398d3bd0684fc16ab07df74"},
    {file = "websockets-11.0.3-cp38-cp38-win_amd64.whl", hash = "sha256:03aae4edc0b1c68498f41a6772d80ac7c1e33c06c6ffa2ac1c27a07653e79d6f"},
    {file = "websockets-11.0.3-cp39-cp39-macosx_10_9_universal2.whl", hash = "sha256:777354ee16f02f643a4c7f2b3eff8027a33c9861edc691a2003531f5da4f6bc8"},
    {file = "websockets-11.0.3-cp39-cp39-macosx_10_9_x86_64.whl", hash = "sha256:8c82f11964f010053e13daafdc7154ce7385ecc538989a354ccc7067fd7028fd"},
    {file = "websockets-11.0.3-cp39-cp39-macosx_11_0_arm64.whl", hash = "sha256:3580dd9c1ad0701169e4d6fc41e878ffe05e6bdcaf3c412f9d559389d0c9e016"},
    {file = "websockets-11.0.3-cp39-cp39-manylinux_2_17_aarch64.manylinux2014_aarch64.whl", hash = "sha256:6f1a3f10f836fab6ca6efa97bb952300b20ae56b409414ca85bff2ad241d2a61"},
    {file = "websockets-11.0.3-cp39-cp39-manylinux_2_5_i686.manylinux1_i686.manylinux_2_17_i686.manylinux2014_i686.whl", hash = "sha256:df41b9bc27c2c25b486bae7cf42fccdc52ff181c8c387bfd026624a491c2671b"},
    {file = "websockets-11.0.3-cp39-cp39-manylinux_2_5_x86_64.manylinux1_x86_64.manylinux_2_17_x86_64.manylinux2014_x86_64.whl", hash = "sha256:279e5de4671e79a9ac877427f4ac4ce93751b8823f276b681d04b2156713b9dd"},
    {file = "websockets-11.0.3-cp39-cp39-musllinux_1_1_aarch64.whl", hash = "sha256:1fdf26fa8a6a592f8f9235285b8affa72748dc12e964a5518c6c5e8f916716f7"},
    {file = "websockets-11.0.3-cp39-cp39-musllinux_1_1_i686.whl", hash = "sha256:69269f3a0b472e91125b503d3c0b3566bda26da0a3261c49f0027eb6075086d1"},
    {file = "websockets-11.0.3-cp39-cp39-musllinux_1_1_x86_64.whl", hash = "sha256:97b52894d948d2f6ea480171a27122d77af14ced35f62e5c892ca2fae9344311"},
    {file = "websockets-11.0.3-cp39-cp39-win32.whl", hash = "sha256:c7f3cb904cce8e1be667c7e6fef4516b98d1a6a0635a58a57528d577ac18a128"},
    {file = "websockets-11.0.3-cp39-cp39-win_amd64.whl", hash = "sha256:c792ea4eabc0159535608fc5658a74d1a81020eb35195dd63214dcf07556f67e"},
    {file = "websockets-11.0.3-pp37-pypy37_pp73-macosx_10_9_x86_64.whl", hash = "sha256:f2e58f2c36cc52d41f2659e4c0cbf7353e28c8c9e63e30d8c6d3494dc9fdedcf"},
    {file = "websockets-11.0.3-pp37-pypy37_pp73-manylinux_2_17_aarch64.manylinux2014_aarch64.whl", hash = "sha256:de36fe9c02995c7e6ae6efe2e205816f5f00c22fd1fbf343d4d18c3d5ceac2f5"},
    {file = "websockets-11.0.3-pp37-pypy37_pp73-manylinux_2_5_i686.manylinux1_i686.manylinux_2_17_i686.manylinux2014_i686.whl", hash = "sha256:0ac56b661e60edd453585f4bd68eb6a29ae25b5184fd5ba51e97652580458998"},
    {file = "websockets-11.0.3-pp37-pypy37_pp73-manylinux_2_5_x86_64.manylinux1_x86_64.manylinux_2_17_x86_64.manylinux2014_x86_64.whl", hash = "sha256:e052b8467dd07d4943936009f46ae5ce7b908ddcac3fda581656b1b19c083d9b"},
    {file = "websockets-11.0.3-pp37-pypy37_pp73-win_amd64.whl", hash = "sha256:42cc5452a54a8e46a032521d7365da775823e21bfba2895fb7b77633cce031bb"},
    {file = "websockets-11.0.3-pp38-pypy38_pp73-macosx_10_9_x86_64.whl", hash = "sha256:e6316827e3e79b7b8e7d8e3b08f4e331af91a48e794d5d8b099928b6f0b85f20"},
    {file = "websockets-11.0.3-pp38-pypy38_pp73-manylinux_2_17_aarch64.manylinux2014_aarch64.whl", hash = "sha256:8531fdcad636d82c517b26a448dcfe62f720e1922b33c81ce695d0edb91eb931"},
    {file = "websockets-11.0.3-pp38-pypy38_pp73-manylinux_2_5_i686.manylinux1_i686.manylinux_2_17_i686.manylinux2014_i686.whl", hash = "sha256:c114e8da9b475739dde229fd3bc6b05a6537a88a578358bc8eb29b4030fac9c9"},
    {file = "websockets-11.0.3-pp38-pypy38_pp73-manylinux_2_5_x86_64.manylinux1_x86_64.manylinux_2_17_x86_64.manylinux2014_x86_64.whl", hash = "sha256:e063b1865974611313a3849d43f2c3f5368093691349cf3c7c8f8f75ad7cb280"},
    {file = "websockets-11.0.3-pp38-pypy38_pp73-win_amd64.whl", hash = "sha256:92b2065d642bf8c0a82d59e59053dd2fdde64d4ed44efe4870fa816c1232647b"},
    {file = "websockets-11.0.3-pp39-pypy39_pp73-macosx_10_9_x86_64.whl", hash = "sha256:0ee68fe502f9031f19d495dae2c268830df2760c0524cbac5d759921ba8c8e82"},
    {file = "websockets-11.0.3-pp39-pypy39_pp73-manylinux_2_17_aarch64.manylinux2014_aarch64.whl", hash = "sha256:dcacf2c7a6c3a84e720d1bb2b543c675bf6c40e460300b628bab1b1efc7c034c"},
    {file = "websockets-11.0.3-pp39-pypy39_pp73-manylinux_2_5_i686.manylinux1_i686.manylinux_2_17_i686.manylinux2014_i686.whl", hash = "sha256:b67c6f5e5a401fc56394f191f00f9b3811fe843ee93f4a70df3c389d1adf857d"},
    {file = "websockets-11.0.3-pp39-pypy39_pp73-manylinux_2_5_x86_64.manylinux1_x86_64.manylinux_2_17_x86_64.manylinux2014_x86_64.whl", hash = "sha256:1d5023a4b6a5b183dc838808087033ec5df77580485fc533e7dab2567851b0a4"},
    {file = "websockets-11.0.3-pp39-pypy39_pp73-win_amd64.whl", hash = "sha256:ed058398f55163a79bb9f06a90ef9ccc063b204bb346c4de78efc5d15abfe602"},
    {file = "websockets-11.0.3-py3-none-any.whl", hash = "sha256:6681ba9e7f8f3b19440921e99efbb40fc89f26cd71bf539e45d8c8a25c976dc6"},
    {file = "websockets-11.0.3.tar.gz", hash = "sha256:88fc51d9a26b10fc331be344f1781224a375b78488fc343620184e95a4b27016"},
]

[[package]]
name = "zeroconf"
version = "0.69.0"
description = "A pure python implementation of multicast DNS service discovery"
optional = false
python-versions = ">=3.7,<4.0"
files = [
    {file = "zeroconf-0.69.0-cp310-cp310-macosx_11_0_x86_64.whl", hash = "sha256:9e4ec38105bcf61da91e4f8bbd0eac7175ea158f3d4aad7d72da5fd577aeda1a"},
    {file = "zeroconf-0.69.0-cp310-cp310-manylinux_2_17_i686.manylinux_2_5_i686.manylinux1_i686.manylinux2014_i686.whl", hash = "sha256:c05eb8a137a6d0b4fefdb3784677c3d430a77c9a3b43f286e788eaff24347ec4"},
    {file = "zeroconf-0.69.0-cp310-cp310-manylinux_2_17_x86_64.manylinux2014_x86_64.whl", hash = "sha256:55951cd11cd34b3dda2d24589bbf7f53c51ce5c5be0769ebbdd00eca5f73a6d2"},
    {file = "zeroconf-0.69.0-cp310-cp310-manylinux_2_31_x86_64.whl", hash = "sha256:9df3f88e71588f28ab5410e574621b4eb3f4bf63876f6382ed4a966accb76e0c"},
    {file = "zeroconf-0.69.0-cp310-cp310-musllinux_1_1_i686.whl", hash = "sha256:85b927548b636683144b9696a81961c1109b7dc66f6fc473564be3ca831df13a"},
    {file = "zeroconf-0.69.0-cp310-cp310-musllinux_1_1_x86_64.whl", hash = "sha256:a010ffaa4f318466b194c5bf97d857d48fd17fe09ccaa2c8eb48227f0e09592c"},
    {file = "zeroconf-0.69.0-cp310-cp310-win32.whl", hash = "sha256:6560b1f1dc595f799a5ffb68c54d71f9dbe76cc5bc01e66cb2de4b4a9f898fe3"},
    {file = "zeroconf-0.69.0-cp310-cp310-win_amd64.whl", hash = "sha256:2f139ee88d6c1d874546d042cc024b9db4a58658c856edd2c5685adb9a7b19d2"},
    {file = "zeroconf-0.69.0-cp311-cp311-macosx_11_0_x86_64.whl", hash = "sha256:1dea30128d618a46d489809a55a932a5797c353b5d9a3dc5ed63d5d5887a7e97"},
    {file = "zeroconf-0.69.0-cp311-cp311-manylinux_2_17_i686.manylinux_2_5_i686.manylinux1_i686.manylinux2014_i686.whl", hash = "sha256:d38a85219f79b548c4bb0ee80576e64852a01e0070cfb8c80d3dcb9e952caa1d"},
    {file = "zeroconf-0.69.0-cp311-cp311-manylinux_2_17_x86_64.manylinux2014_x86_64.whl", hash = "sha256:13003192f4f862de250f1cd2ffc558cd0d01b087933ed2800a3d39f3229e0aba"},
    {file = "zeroconf-0.69.0-cp311-cp311-musllinux_1_1_i686.whl", hash = "sha256:77cb728f2a88b217ac423b83d05ff9a0b452148cf9779453188d9ef31f6fcafb"},
    {file = "zeroconf-0.69.0-cp311-cp311-musllinux_1_1_x86_64.whl", hash = "sha256:4b24c3b19c8170f75b7280c0f3297d1afbe3fb66dc0f9ca1217eb05147472ff6"},
    {file = "zeroconf-0.69.0-cp311-cp311-win32.whl", hash = "sha256:7773814b57846996d8a660dd180ff5c1fcf9da00a710f16f6429aa77fe5b14a4"},
    {file = "zeroconf-0.69.0-cp311-cp311-win_amd64.whl", hash = "sha256:4b8c148db654937bb3991e507a8c1337d624e95681124de201bf15737f308809"},
    {file = "zeroconf-0.69.0-cp37-cp37m-macosx_11_0_x86_64.whl", hash = "sha256:6b165bc4d101a5369c56cf31e07241a991a08432ebc235e662ee105acf814a59"},
    {file = "zeroconf-0.69.0-cp37-cp37m-manylinux_2_17_i686.manylinux_2_5_i686.manylinux1_i686.manylinux2014_i686.whl", hash = "sha256:d1d543bc558e526ae217848c508c737d74be678712ebd226fc3d8335762b807f"},
    {file = "zeroconf-0.69.0-cp37-cp37m-manylinux_2_17_x86_64.manylinux2014_x86_64.whl", hash = "sha256:d2d99b115f00dd8217ee7b233d66a90697c941dd5ab240917a778b97edf3e68c"},
    {file = "zeroconf-0.69.0-cp37-cp37m-musllinux_1_1_i686.whl", hash = "sha256:ae7dfe470eaf38c3df6daf3a508fcf3a7daa445e6ebedc569320f05bdb7e08f1"},
    {file = "zeroconf-0.69.0-cp37-cp37m-musllinux_1_1_x86_64.whl", hash = "sha256:f1d2b4518bf1cc6c62e8a1d005ecc310fe949b68ec2b16376d75e5f1502de5de"},
    {file = "zeroconf-0.69.0-cp37-cp37m-win32.whl", hash = "sha256:a63501b614dd426ef7d7249d26517369f6094bb9e928ee3f75a623fa663569c4"},
    {file = "zeroconf-0.69.0-cp37-cp37m-win_amd64.whl", hash = "sha256:efb9ad9b6bf4681ea600bfa6dbd8f1ffea849c61238deeb9baacf8fee5c3226e"},
    {file = "zeroconf-0.69.0-cp38-cp38-macosx_11_0_x86_64.whl", hash = "sha256:95d6896d7b90acd209be6f57cbabfa66893bb7a2dcd94de64b7e9933f26bba67"},
    {file = "zeroconf-0.69.0-cp38-cp38-manylinux_2_17_i686.manylinux_2_5_i686.manylinux1_i686.manylinux2014_i686.whl", hash = "sha256:78ab98603a38f77dd1925163d75dabb201db9ccd01be2505bfedf9f31bdcd137"},
    {file = "zeroconf-0.69.0-cp38-cp38-manylinux_2_17_x86_64.manylinux2014_x86_64.whl", hash = "sha256:ae80834676c9c77b9043e0f3572b1f480bf265d4f63b96e5cefaba07cb35f947"},
    {file = "zeroconf-0.69.0-cp38-cp38-musllinux_1_1_i686.whl", hash = "sha256:822235895234fe0bdbad8264989e200fdb4200b806be4cd699797630dee166e7"},
    {file = "zeroconf-0.69.0-cp38-cp38-musllinux_1_1_x86_64.whl", hash = "sha256:6d3fe233ea66cbb5c41cc5a63e6a6427b2dfc272d1b503fb92619ceaa0ceb6f1"},
    {file = "zeroconf-0.69.0-cp38-cp38-win32.whl", hash = "sha256:4321ffd7de54eed4be5c8a36d460b566717c4a5600fe9133eb72bae18b2d3a2c"},
    {file = "zeroconf-0.69.0-cp38-cp38-win_amd64.whl", hash = "sha256:9c723f1903a995568d0a930687dce15985d17cda4932d97102f302653f7262f3"},
    {file = "zeroconf-0.69.0-cp39-cp39-macosx_11_0_x86_64.whl", hash = "sha256:ff92c07ff69156cb496d001700afd06959c37b80731c78c5ce896f4f3aebfe21"},
    {file = "zeroconf-0.69.0-cp39-cp39-manylinux_2_17_i686.manylinux_2_5_i686.manylinux1_i686.manylinux2014_i686.whl", hash = "sha256:0a7a34989a88eacd4948e8a04c5b9ed5757df8684a09fb85e8f3d374b57903e5"},
    {file = "zeroconf-0.69.0-cp39-cp39-manylinux_2_17_x86_64.manylinux2014_x86_64.whl", hash = "sha256:356f60aa84c8ce22104f986ee72953e9a133d0de4096db4a2d96e9409ff6e9bb"},
    {file = "zeroconf-0.69.0-cp39-cp39-musllinux_1_1_i686.whl", hash = "sha256:5097cbb812bf488cda700c1ceaa91bcb9d7d9098fccbc9f60f19b64d52fccd35"},
    {file = "zeroconf-0.69.0-cp39-cp39-musllinux_1_1_x86_64.whl", hash = "sha256:a3cd0163e166dad9b000f84f319eccfd801ef75f0a3594dfb29078f672dfe14f"},
    {file = "zeroconf-0.69.0-cp39-cp39-win32.whl", hash = "sha256:c9fd5f6c76b98fc822824a0e5b25b120a240a9382174002bca1224ff70b474dc"},
    {file = "zeroconf-0.69.0-cp39-cp39-win_amd64.whl", hash = "sha256:8df09bf5236cf8719d9204f81865d1d0783a0b735f325a766a2d18be81a58102"},
    {file = "zeroconf-0.69.0-pp37-pypy37_pp73-macosx_11_0_x86_64.whl", hash = "sha256:921d4a1c5ad5745acd51bb87ecdcf2e0c7e1174876d688e44512a4631674ea1b"},
    {file = "zeroconf-0.69.0-pp37-pypy37_pp73-manylinux_2_17_i686.manylinux_2_5_i686.manylinux1_i686.manylinux2014_i686.whl", hash = "sha256:1ab65dcd3aea834ddac1ba27806983ca3cab9f8db87ea6923130d30bdbfbcd68"},
    {file = "zeroconf-0.69.0-pp37-pypy37_pp73-manylinux_2_17_x86_64.manylinux2014_x86_64.whl", hash = "sha256:e477cd1b71327293f2eb32db128f90e636f6ce27d37ca871bdfa4ab65a793347"},
    {file = "zeroconf-0.69.0-pp37-pypy37_pp73-win_amd64.whl", hash = "sha256:5df7d15461859dcec0bfca9e8f120ae46e284fe2071d8f654d65635a03a04542"},
    {file = "zeroconf-0.69.0-pp38-pypy38_pp73-macosx_11_0_x86_64.whl", hash = "sha256:3d2080eaed841e20007790742ba0d6cb4c1b6f4499afdca889c2bfb562f4da98"},
    {file = "zeroconf-0.69.0-pp38-pypy38_pp73-manylinux_2_17_i686.manylinux_2_5_i686.manylinux1_i686.manylinux2014_i686.whl", hash = "sha256:1687e0e6d176d7c0ce9780697393bf0e093182a15f4743f4315267fb751af5d2"},
    {file = "zeroconf-0.69.0-pp38-pypy38_pp73-manylinux_2_17_x86_64.manylinux2014_x86_64.whl", hash = "sha256:3ff3dfc001a0873bf5b7a671efe79f8d251ad8ca0ab6189870cba0f6d2ecba9c"},
    {file = "zeroconf-0.69.0-pp38-pypy38_pp73-win_amd64.whl", hash = "sha256:33725a8b22f6e4ac93083168da4954aae9d84dfbb0e2675ae4db8e3d477b0d30"},
    {file = "zeroconf-0.69.0-pp39-pypy39_pp73-macosx_11_0_x86_64.whl", hash = "sha256:bd60de9c364d5ecd2182b35432d50fe243f6de392fd52126855e06310217c676"},
    {file = "zeroconf-0.69.0-pp39-pypy39_pp73-manylinux_2_17_i686.manylinux_2_5_i686.manylinux1_i686.manylinux2014_i686.whl", hash = "sha256:9e2cfe4baa6540e21cbb74d820a1bf8f3258449bee92be1cba289033fe77f0c9"},
    {file = "zeroconf-0.69.0-pp39-pypy39_pp73-manylinux_2_17_x86_64.manylinux2014_x86_64.whl", hash = "sha256:ffd1c97a7f479717af6880b5684582eab4f38a1a69a6a6b89803eaac3d0baecb"},
    {file = "zeroconf-0.69.0-pp39-pypy39_pp73-win_amd64.whl", hash = "sha256:73a3aba23ee947b0b217c8abec448cc53a55a845b9c68c7699d8f3e0ee090f72"},
    {file = "zeroconf-0.69.0.tar.gz", hash = "sha256:c6520f39f718e6bd16a87e0a7711ff65acfbb11bbc9fabb6283506833e0c3c0f"},
]

[package.dependencies]
ifaddr = ">=0.1.7"

[metadata]
lock-version = "2.0"
python-versions = "^3.11"
content-hash = "66769a129a0b4e8d1a9119950c3a6b2f888da1c0c3a1ba18220e2bfe3cf33389"
